
Microsoft Visual Studio Solution File, Format Version 12.00
# Visual Studio Version 17
VisualStudioVersion = 17.9.34714.143
MinimumVisualStudioVersion = 10.0.40219.1
Project("{FAE04EC0-301F-11D3-BF4B-00C04F79EFBC}") = "ClassExample1", "ClassExample1.csproj", "{4A17D3F0-8D20-43BD-A1F7-C39C36B6A73C}"
EndProject
Global
	GlobalSection(SolutionConfigurationPlatforms) = preSolution
		Debug|Any CPU = Debug|Any CPU
		Release|Any CPU = Release|Any CPU
	EndGlobalSection
	GlobalSection(ProjectConfigurationPlatforms) = postSolution
		{4A17D3F0-8D20-43BD-A1F7-C39C36B6A73C}.Debug|Any CPU.ActiveCfg = Debug|Any CPU
		{4A17D3F0-8D20-43BD-A1F7-C39C36B6A73C}.Debug|Any CPU.Build.0 = Debug|Any CPU
		{4A17D3F0-8D20-43BD-A1F7-C39C36B6A73C}.Release|Any CPU.ActiveCfg = Release|Any CPU
		{4A17D3F0-8D20-43BD-A1F7-C39C36B6A73C}.Release|Any CPU.Build.0 = Release|Any CPU
	EndGlobalSection
	GlobalSection(SolutionProperties) = preSolution
		HideSolutionNode = FALSE
	EndGlobalSection
	GlobalSection(ExtensibilityGlobals) = postSolution
		SolutionGuid = {2D99E685-D408-463D-B4DF-FFE2785334B0}
	EndGlobalSection
EndGlobal
