
Microsoft Visual Studio Solution File, Format Version 12.00
# Visual Studio Version 17
VisualStudioVersion = 17.9.34714.143
MinimumVisualStudioVersion = 10.0.40219.1
Project("{FAE04EC0-301F-11D3-BF4B-00C04F79EFBC}") = "2701842ClassExample2", "2701842ClassExample2.csproj", "{FF68FA0B-976D-4B8E-9E7C-692A9C9760CC}"
EndProject
Global
	GlobalSection(SolutionConfigurationPlatforms) = preSolution
		Debug|Any CPU = Debug|Any CPU
		Release|Any CPU = Release|Any CPU
	EndGlobalSection
	GlobalSection(ProjectConfigurationPlatforms) = postSolution
		{FF68FA0B-976D-4B8E-9E7C-692A9C9760CC}.Debug|Any CPU.ActiveCfg = Debug|Any CPU
		{FF68FA0B-976D-4B8E-9E7C-692A9C9760CC}.Debug|Any CPU.Build.0 = Debug|Any CPU
		{FF68FA0B-976D-4B8E-9E7C-692A9C9760CC}.Release|Any CPU.ActiveCfg = Release|Any CPU
		{FF68FA0B-976D-4B8E-9E7C-692A9C9760CC}.Release|Any CPU.Build.0 = Release|Any CPU
	EndGlobalSection
	GlobalSection(SolutionProperties) = preSolution
		HideSolutionNode = FALSE
	EndGlobalSection
	GlobalSection(ExtensibilityGlobals) = postSolution
		SolutionGuid = {825C9507-76F7-4C15-9C10-053540EE2993}
	EndGlobalSection
EndGlobal
