
Microsoft Visual Studio Solution File, Format Version 12.00
# Visual Studio Version 17
VisualStudioVersion = 17.10.35027.167
MinimumVisualStudioVersion = 10.0.40219.1
Project("{FAE04EC0-301F-11D3-BF4B-00C04F79EFBC}") = "2701842ClassExample3", "2701842ClassExample3.csproj", "{5FC59F2E-29DD-4EA1-8435-F90D142BCA48}"
EndProject
Global
	GlobalSection(SolutionConfigurationPlatforms) = preSolution
		Debug|Any CPU = Debug|Any CPU
		Release|Any CPU = Release|Any CPU
	EndGlobalSection
	GlobalSection(ProjectConfigurationPlatforms) = postSolution
		{5FC59F2E-29DD-4EA1-8435-F90D142BCA48}.Debug|Any CPU.ActiveCfg = Debug|Any CPU
		{5FC59F2E-29DD-4EA1-8435-F90D142BCA48}.Debug|Any CPU.Build.0 = Debug|Any CPU
		{5FC59F2E-29DD-4EA1-8435-F90D142BCA48}.Release|Any CPU.ActiveCfg = Release|Any CPU
		{5FC59F2E-29DD-4EA1-8435-F90D142BCA48}.Release|Any CPU.Build.0 = Release|Any CPU
	EndGlobalSection
	GlobalSection(SolutionProperties) = preSolution
		HideSolutionNode = FALSE
	EndGlobalSection
	GlobalSection(ExtensibilityGlobals) = postSolution
		SolutionGuid = {E8AB81F9-9B4A-4D94-BE6E-0330387576CA}
	EndGlobalSection
EndGlobal
