
Microsoft Visual Studio Solution File, Format Version 12.00
# Visual Studio Version 17
VisualStudioVersion = 17.10.34928.147
MinimumVisualStudioVersion = 10.0.40219.1
Project("{FAE04EC0-301F-11D3-BF4B-00C04F79EFBC}") = "ISIIA2025Test2A", "ISIIA2025Test2A.csproj", "{72CA040F-97AC-4261-A498-2A22531C721C}"
EndProject
Global
	GlobalSection(SolutionConfigurationPlatforms) = preSolution
		Debug|Any CPU = Debug|Any CPU
		Release|Any CPU = Release|Any CPU
	EndGlobalSection
	GlobalSection(ProjectConfigurationPlatforms) = postSolution
		{72CA040F-97AC-4261-A498-2A22531C721C}.Debug|Any CPU.ActiveCfg = Debug|Any CPU
		{72CA040F-97AC-4261-A498-2A22531C721C}.Debug|Any CPU.Build.0 = Debug|Any CPU
		{72CA040F-97AC-4261-A498-2A22531C721C}.Release|Any CPU.ActiveCfg = Release|Any CPU
		{72CA040F-97AC-4261-A498-2A22531C721C}.Release|Any CPU.Build.0 = Release|Any CPU
	EndGlobalSection
	GlobalSection(SolutionProperties) = preSolution
		HideSolutionNode = FALSE
	EndGlobalSection
	GlobalSection(ExtensibilityGlobals) = postSolution
		SolutionGuid = {FF736DDF-1A6D-41FC-87A1-07D7BCCB5C11}
	EndGlobalSection
EndGlobal
